
Microsoft Visual Studio Solution File, Format Version 12.00
# Visual Studio 15
Project("{FAE04EC0-301F-11D3-BF4B-00C04F79EFBC}") = "Assembly-CSharp-Editor-firstpass", "Assembly-CSharp-Editor-firstpass.csproj", "{29441702-F91D-C41B-D296-748F6C2350F8}"
EndProject
Global
	GlobalSection(SolutionConfigurationPlatforms) = preSolution
		Debug|Any CPU = Debug|Any CPU
		Release|Any CPU = Release|Any CPU
	EndGlobalSection
	GlobalSection(ProjectConfigurationPlatforms) = postSolution
		{29441702-F91D-C41B-D296-748F6C2350F8}.Debug|Any CPU.ActiveCfg = Debug|Any CPU
		{29441702-F91D-C41B-D296-748F6C2350F8}.Debug|Any CPU.Build.0 = Debug|Any CPU
		{29441702-F91D-C41B-D296-748F6C2350F8}.Release|Any CPU.ActiveCfg = Release|Any CPU
		{29441702-F91D-C41B-D296-748F6C2350F8}.Release|Any CPU.Build.0 = Release|Any CPU
	EndGlobalSection
EndGlobal
